
Microsoft Visual Studio Solution File, Format Version 12.00
# Visual Studio Version 17
VisualStudioVersion = 17.0.31423.177
MinimumVisualStudioVersion = 10.0.40219.1
Project("{9A19103F-16F7-4668-BE54-9A1E7A4F7556}") = "FLL-ScoreBoard-Online", "FLL-Scoreboard-Online\FLL-ScoreBoard-Online.csproj", "{9469A448-3301-432F-B43C-6CA473A4452F}"
EndProject
Global
	GlobalSection(SolutionConfigurationPlatforms) = preSolution
		Debug|Any CPU = Debug|Any CPU
		Release|Any CPU = Release|Any CPU
	EndGlobalSection
	GlobalSection(ProjectConfigurationPlatforms) = postSolution
		{9469A448-3301-432F-B43C-6CA473A4452F}.Debug|Any CPU.ActiveCfg = Debug|Any CPU
		{9469A448-3301-432F-B43C-6CA473A4452F}.Debug|Any CPU.Build.0 = Debug|Any CPU
		{9469A448-3301-432F-B43C-6CA473A4452F}.Release|Any CPU.ActiveCfg = Release|Any CPU
		{9469A448-3301-432F-B43C-6CA473A4452F}.Release|Any CPU.Build.0 = Release|Any CPU
	EndGlobalSection
	GlobalSection(SolutionProperties) = preSolution
		HideSolutionNode = FALSE
	EndGlobalSection
	GlobalSection(ExtensibilityGlobals) = postSolution
		SolutionGuid = {0B397BCC-1A97-460B-AF80-3FBD9948F67D}
	EndGlobalSection
EndGlobal
